
Microsoft Visual Studio Solution File, Format Version 12.00
# Visual Studio Version 17
VisualStudioVersion = 17.5.33627.172
MinimumVisualStudioVersion = 10.0.40219.1
Project("{9A19103F-16F7-4668-BE54-9A1E7A4F7556}") = "JacobMDoesThingsWebsite2.Web", "JacobMDoesThingsWebsite2.Web\JacobMDoesThingsWebsite2.Web.csproj", "{9FAF23B1-551D-40D1-B3DF-4635C7BA34D2}"
EndProject
Project("{9A19103F-16F7-4668-BE54-9A1E7A4F7556}") = "JacobmDoesthingsWebsite2.Test.Unit", "JacobmDoesthingswebsite2.Test.Unit\JacobmDoesthingsWebsite2.Test.Unit.csproj", "{973A30F4-82C0-4A6E-BD31-5F857799BBDE}"
EndProject
Project("{9A19103F-16F7-4668-BE54-9A1E7A4F7556}") = "JacobMDoesThingsWebsite2.Repo", "JacobMDoesThingsWebsite2.Repo\JacobMDoesThingsWebsite2.Repo.csproj", "{ECABEDCF-6C67-46DD-B5EF-06FF93931F11}"
EndProject
Global
	GlobalSection(SolutionConfigurationPlatforms) = preSolution
		Debug|Any CPU = Debug|Any CPU
		Release|Any CPU = Release|Any CPU
	EndGlobalSection
	GlobalSection(ProjectConfigurationPlatforms) = postSolution
		{9FAF23B1-551D-40D1-B3DF-4635C7BA34D2}.Debug|Any CPU.ActiveCfg = Debug|Any CPU
		{9FAF23B1-551D-40D1-B3DF-4635C7BA34D2}.Debug|Any CPU.Build.0 = Debug|Any CPU
		{9FAF23B1-551D-40D1-B3DF-4635C7BA34D2}.Release|Any CPU.ActiveCfg = Release|Any CPU
		{9FAF23B1-551D-40D1-B3DF-4635C7BA34D2}.Release|Any CPU.Build.0 = Release|Any CPU
		{973A30F4-82C0-4A6E-BD31-5F857799BBDE}.Debug|Any CPU.ActiveCfg = Debug|Any CPU
		{973A30F4-82C0-4A6E-BD31-5F857799BBDE}.Debug|Any CPU.Build.0 = Debug|Any CPU
		{973A30F4-82C0-4A6E-BD31-5F857799BBDE}.Release|Any CPU.ActiveCfg = Release|Any CPU
		{973A30F4-82C0-4A6E-BD31-5F857799BBDE}.Release|Any CPU.Build.0 = Release|Any CPU
		{ECABEDCF-6C67-46DD-B5EF-06FF93931F11}.Debug|Any CPU.ActiveCfg = Debug|Any CPU
		{ECABEDCF-6C67-46DD-B5EF-06FF93931F11}.Debug|Any CPU.Build.0 = Debug|Any CPU
		{ECABEDCF-6C67-46DD-B5EF-06FF93931F11}.Release|Any CPU.ActiveCfg = Release|Any CPU
		{ECABEDCF-6C67-46DD-B5EF-06FF93931F11}.Release|Any CPU.Build.0 = Release|Any CPU
	EndGlobalSection
	GlobalSection(SolutionProperties) = preSolution
		HideSolutionNode = FALSE
	EndGlobalSection
	GlobalSection(ExtensibilityGlobals) = postSolution
		SolutionGuid = {6ABA5C65-A506-47BF-AAF7-D5A5178F8544}
	EndGlobalSection
EndGlobal
